
Microsoft Visual Studio Solution File, Format Version 12.00
# Visual Studio Version 16
VisualStudioVersion = 16.0.30204.135
MinimumVisualStudioVersion = 10.0.40219.1
Project("{9A19103F-16F7-4668-BE54-9A1E7A4F7556}") = "Layer0_Client", "SeaCargoTransportation\Layer0_Client.csproj", "{2B79F958-C317-44E0-A3F5-30AE2149F36C}"
EndProject
Project("{9A19103F-16F7-4668-BE54-9A1E7A4F7556}") = "Layer3_UseCases", "lvl3_UseCases\Layer3_UseCases.csproj", "{0BBE2D20-8EA8-41AF-A153-5F5CEC9C9D92}"
EndProject
Project("{9A19103F-16F7-4668-BE54-9A1E7A4F7556}") = "Layer2_ApplicationUseCases", "lvl2_ApplicationUseCases\Layer2_ApplicationUseCases.csproj", "{EDDABF16-C91C-41CA-A758-B62DFFA48048}"
EndProject
Project("{9A19103F-16F7-4668-BE54-9A1E7A4F7556}") = "Layer1_CommunicatorsBtwLay0AndLay2", "lvl1_CommunicatorsBtwLvl1AndLvl3\Layer1_CommunicatorsBtwLay0AndLay2.csproj", "{EAC5F31F-F4C3-411D-A6D6-9EF220A7E187}"
EndProject
Global
	GlobalSection(SolutionConfigurationPlatforms) = preSolution
		Debug|Any CPU = Debug|Any CPU
		Release|Any CPU = Release|Any CPU
	EndGlobalSection
	GlobalSection(ProjectConfigurationPlatforms) = postSolution
		{2B79F958-C317-44E0-A3F5-30AE2149F36C}.Debug|Any CPU.ActiveCfg = Debug|Any CPU
		{2B79F958-C317-44E0-A3F5-30AE2149F36C}.Debug|Any CPU.Build.0 = Debug|Any CPU
		{2B79F958-C317-44E0-A3F5-30AE2149F36C}.Release|Any CPU.ActiveCfg = Release|Any CPU
		{2B79F958-C317-44E0-A3F5-30AE2149F36C}.Release|Any CPU.Build.0 = Release|Any CPU
		{0BBE2D20-8EA8-41AF-A153-5F5CEC9C9D92}.Debug|Any CPU.ActiveCfg = Debug|Any CPU
		{0BBE2D20-8EA8-41AF-A153-5F5CEC9C9D92}.Debug|Any CPU.Build.0 = Debug|Any CPU
		{0BBE2D20-8EA8-41AF-A153-5F5CEC9C9D92}.Release|Any CPU.ActiveCfg = Release|Any CPU
		{0BBE2D20-8EA8-41AF-A153-5F5CEC9C9D92}.Release|Any CPU.Build.0 = Release|Any CPU
		{EDDABF16-C91C-41CA-A758-B62DFFA48048}.Debug|Any CPU.ActiveCfg = Debug|Any CPU
		{EDDABF16-C91C-41CA-A758-B62DFFA48048}.Debug|Any CPU.Build.0 = Debug|Any CPU
		{EDDABF16-C91C-41CA-A758-B62DFFA48048}.Release|Any CPU.ActiveCfg = Release|Any CPU
		{EDDABF16-C91C-41CA-A758-B62DFFA48048}.Release|Any CPU.Build.0 = Release|Any CPU
		{EAC5F31F-F4C3-411D-A6D6-9EF220A7E187}.Debug|Any CPU.ActiveCfg = Debug|Any CPU
		{EAC5F31F-F4C3-411D-A6D6-9EF220A7E187}.Debug|Any CPU.Build.0 = Debug|Any CPU
		{EAC5F31F-F4C3-411D-A6D6-9EF220A7E187}.Release|Any CPU.ActiveCfg = Release|Any CPU
		{EAC5F31F-F4C3-411D-A6D6-9EF220A7E187}.Release|Any CPU.Build.0 = Release|Any CPU
	EndGlobalSection
	GlobalSection(SolutionProperties) = preSolution
		HideSolutionNode = FALSE
	EndGlobalSection
	GlobalSection(ExtensibilityGlobals) = postSolution
		SolutionGuid = {AD620DDF-32BC-40AA-BE21-9CAA9C0C4EFA}
	EndGlobalSection
EndGlobal
