
Microsoft Visual Studio Solution File, Format Version 12.00
# Visual Studio Version 16
VisualStudioVersion = 16.0.30413.136
MinimumVisualStudioVersion = 10.0.40219.1
Project("{FAE04EC0-301F-11D3-BF4B-00C04F79EFBC}") = "Shared", "Shared\Shared.csproj", "{FFC696B6-D2DB-4155-B58F-5EADA1DDB2ED}"
EndProject
Project("{9A19103F-16F7-4668-BE54-9A1E7A4F7556}") = "SharedDTOs", "..\SharedDTOs\SharedDTOs.csproj", "{DE336C9C-0344-4EC0-B300-CC09A52A5607}"
EndProject
Project("{9A19103F-16F7-4668-BE54-9A1E7A4F7556}") = "SharedDTOsByClient", "..\SharedDTOsByClient\SharedDTOsByClient.csproj", "{782E2268-AD71-4D3C-884B-F315D9A676EB}"
EndProject
Project("{9A19103F-16F7-4668-BE54-9A1E7A4F7556}") = "SharedDTOsByServer", "..\SharedDTOsByServer\SharedDTOsByServer.csproj", "{F27A7E4F-A9AF-4198-A00D-84C5629ADF41}"
EndProject
Global
	GlobalSection(SolutionConfigurationPlatforms) = preSolution
		Debug|Any CPU = Debug|Any CPU
		Release|Any CPU = Release|Any CPU
	EndGlobalSection
	GlobalSection(ProjectConfigurationPlatforms) = postSolution
		{FFC696B6-D2DB-4155-B58F-5EADA1DDB2ED}.Debug|Any CPU.ActiveCfg = Debug|Any CPU
		{FFC696B6-D2DB-4155-B58F-5EADA1DDB2ED}.Debug|Any CPU.Build.0 = Debug|Any CPU
		{FFC696B6-D2DB-4155-B58F-5EADA1DDB2ED}.Release|Any CPU.ActiveCfg = Release|Any CPU
		{FFC696B6-D2DB-4155-B58F-5EADA1DDB2ED}.Release|Any CPU.Build.0 = Release|Any CPU
		{DE336C9C-0344-4EC0-B300-CC09A52A5607}.Debug|Any CPU.ActiveCfg = Debug|Any CPU
		{DE336C9C-0344-4EC0-B300-CC09A52A5607}.Debug|Any CPU.Build.0 = Debug|Any CPU
		{DE336C9C-0344-4EC0-B300-CC09A52A5607}.Release|Any CPU.ActiveCfg = Release|Any CPU
		{DE336C9C-0344-4EC0-B300-CC09A52A5607}.Release|Any CPU.Build.0 = Release|Any CPU
		{782E2268-AD71-4D3C-884B-F315D9A676EB}.Debug|Any CPU.ActiveCfg = Debug|Any CPU
		{782E2268-AD71-4D3C-884B-F315D9A676EB}.Debug|Any CPU.Build.0 = Debug|Any CPU
		{782E2268-AD71-4D3C-884B-F315D9A676EB}.Release|Any CPU.ActiveCfg = Release|Any CPU
		{782E2268-AD71-4D3C-884B-F315D9A676EB}.Release|Any CPU.Build.0 = Release|Any CPU
		{F27A7E4F-A9AF-4198-A00D-84C5629ADF41}.Debug|Any CPU.ActiveCfg = Debug|Any CPU
		{F27A7E4F-A9AF-4198-A00D-84C5629ADF41}.Debug|Any CPU.Build.0 = Debug|Any CPU
		{F27A7E4F-A9AF-4198-A00D-84C5629ADF41}.Release|Any CPU.ActiveCfg = Release|Any CPU
		{F27A7E4F-A9AF-4198-A00D-84C5629ADF41}.Release|Any CPU.Build.0 = Release|Any CPU
	EndGlobalSection
	GlobalSection(SolutionProperties) = preSolution
		HideSolutionNode = FALSE
	EndGlobalSection
	GlobalSection(ExtensibilityGlobals) = postSolution
		SolutionGuid = {BE887380-873A-4A64-BF04-7A78A8323F4F}
	EndGlobalSection
EndGlobal
